{
  "name": "examples",
  "lockfileVersion": 2,
  "requires": true,
  "packages": {
    "": {
      "dependencies": {
        "@near-lake/primitives": "0.1.0"
      }
    },
    "node_modules/@near-lake/primitives": {
      "version": "0.1.0",
      "resolved": "https://registry.npmjs.org/@near-lake/primitives/-/primitives-0.1.0.tgz",
      "integrity": "sha512-SvL6mA0SsqAz5AC2811I+cI9Mpayax8VsoRbY0Bizk5eYiGCT1u1iBBa8f1nikquDfJCEK+sBCt751Nz/xoZjw=="
    }
  },
  "dependencies": {
    "@near-lake/primitives": {
      "version": "0.1.0",
      "resolved": "https://registry.npmjs.org/@near-lake/primitives/-/primitives-0.1.0.tgz",
      "integrity": "sha512-SvL6mA0SsqAz5AC2811I+cI9Mpayax8VsoRbY0Bizk5eYiGCT1u1iBBa8f1nikquDfJCEK+sBCt751Nz/xoZjw=="
    }
  }
}
